
Microsoft Visual Studio Solution File, Format Version 12.00
# Visual Studio Version 17
VisualStudioVersion = 17.1.32210.238
MinimumVisualStudioVersion = 10.0.40219.1
Project("{FAE04EC0-301F-11D3-BF4B-00C04F79EFBC}") = "LT04", "LT04\LT04.csproj", "{731BB196-C1D4-46DA-A9F4-EB3B1BFA4914}"
EndProject
Global
	GlobalSection(SolutionConfigurationPlatforms) = preSolution
		Debug|Any CPU = Debug|Any CPU
		Release|Any CPU = Release|Any CPU
	EndGlobalSection
	GlobalSection(ProjectConfigurationPlatforms) = postSolution
		{731BB196-C1D4-46DA-A9F4-EB3B1BFA4914}.Debug|Any CPU.ActiveCfg = Debug|Any CPU
		{731BB196-C1D4-46DA-A9F4-EB3B1BFA4914}.Debug|Any CPU.Build.0 = Debug|Any CPU
		{731BB196-C1D4-46DA-A9F4-EB3B1BFA4914}.Release|Any CPU.ActiveCfg = Release|Any CPU
		{731BB196-C1D4-46DA-A9F4-EB3B1BFA4914}.Release|Any CPU.Build.0 = Release|Any CPU
	EndGlobalSection
	GlobalSection(SolutionProperties) = preSolution
		HideSolutionNode = FALSE
	EndGlobalSection
	GlobalSection(ExtensibilityGlobals) = postSolution
		SolutionGuid = {8D8FCADF-C500-46B9-B28C-1738B0CFA82D}
	EndGlobalSection
EndGlobal
